
Microsoft Visual Studio Solution File, Format Version 12.00
# Visual Studio Version 16
VisualStudioVersion = 16.0.29806.167
MinimumVisualStudioVersion = 10.0.40219.1
Project("{FAE04EC0-301F-11D3-BF4B-00C04F79EFBC}") = "practica2", "practica2.csproj", "{25EDAB04-7415-4E69-8C7C-EC1994B2B732}"
EndProject
Global
	GlobalSection(SolutionConfigurationPlatforms) = preSolution
		Debug|Any CPU = Debug|Any CPU
		Release|Any CPU = Release|Any CPU
	EndGlobalSection
	GlobalSection(ProjectConfigurationPlatforms) = postSolution
		{25EDAB04-7415-4E69-8C7C-EC1994B2B732}.Debug|Any CPU.ActiveCfg = Debug|Any CPU
		{25EDAB04-7415-4E69-8C7C-EC1994B2B732}.Debug|Any CPU.Build.0 = Debug|Any CPU
		{25EDAB04-7415-4E69-8C7C-EC1994B2B732}.Release|Any CPU.ActiveCfg = Release|Any CPU
		{25EDAB04-7415-4E69-8C7C-EC1994B2B732}.Release|Any CPU.Build.0 = Release|Any CPU
	EndGlobalSection
	GlobalSection(SolutionProperties) = preSolution
		HideSolutionNode = FALSE
	EndGlobalSection
	GlobalSection(ExtensibilityGlobals) = postSolution
		SolutionGuid = {9CF722DA-3079-4478-A5DD-174F2EEDFE04}
	EndGlobalSection
EndGlobal
